// !$*UTF8*$!
{
	archiveVersion = 1;
	classes = {
	};
	objectVersion = 50;
	objects = {

/* Begin PBXBuildFile section */
		4F32A1782084A5FE0066AD40 /* AppDelegate.swift in Sources */ = {isa = PBXBuildFile; fileRef = 4F32A1772084A5FE0066AD40 /* AppDelegate.swift */; };
		4F32A17A2084A5FE0066AD40 /* ViewController.swift in Sources */ = {isa = PBXBuildFile; fileRef = 4F32A1792084A5FE0066AD40 /* ViewController.swift */; };
		4F32A17D2084A5FE0066AD40 /* Main.storyboard in Resources */ = {isa = PBXBuildFile; fileRef = 4F32A17B2084A5FE0066AD40 /* Main.storyboard */; };
		4F32A17F2084A6010066AD40 /* Assets.xcassets in Resources */ = {isa = PBXBuildFile; fileRef = 4F32A17E2084A6010066AD40 /* Assets.xcassets */; };
		4F32A1822084A6010066AD40 /* LaunchScreen.storyboard in Resources */ = {isa = PBXBuildFile; fileRef = 4F32A1802084A6010066AD40 /* LaunchScreen.storyboard */; };
		4F32A18D2084A6010066AD40 /* CYTimerDemoTests.swift in Sources */ = {isa = PBXBuildFile; fileRef = 4F32A18C2084A6010066AD40 /* CYTimerDemoTests.swift */; };
		4F32A1982084A6010066AD40 /* CYTimerDemoUITests.swift in Sources */ = {isa = PBXBuildFile; fileRef = 4F32A1972084A6010066AD40 /* CYTimerDemoUITests.swift */; };
		4F32A1A62084A6540066AD40 /* CYTimer.swift in Sources */ = {isa = PBXBuildFile; fileRef = 4F32A1A52084A6540066AD40 /* CYTimer.swift */; };
/* End PBXBuildFile section */

/* Begin PBXContainerItemProxy section */
		4F32A1892084A6010066AD40 /* PBXContainerItemProxy */ = {
			isa = PBXContainerItemProxy;
			containerPortal = 4F32A16C2084A5FE0066AD40 /* Project object */;
			proxyType = 1;
			remoteGlobalIDString = 4F32A1732084A5FE0066AD40;
			remoteInfo = CYTimerDemo;
		};
		4F32A1942084A6010066AD40 /* PBXContainerItemProxy */ = {
			isa = PBXContainerItemProxy;
			containerPortal = 4F32A16C2084A5FE0066AD40 /* Project object */;
			proxyType = 1;
			remoteGlobalIDString = 4F32A1732084A5FE0066AD40;
			remoteInfo = CYTimerDemo;
		};
/* End PBXContainerItemProxy section */

/* Begin PBXFileReference section */
		4F32A1742084A5FE0066AD40 /* CYTimerDemo.app */ = {isa = PBXFileReference; explicitFileType = wrapper.application; includeInIndex = 0; path = CYTimerDemo.app; sourceTree = BUILT_PRODUCTS_DIR; };
		4F32A1772084A5FE0066AD40 /* AppDelegate.swift */ = {isa = PBXFileReference; lastKnownFileType = sourcecode.swift; path = AppDelegate.swift; sourceTree = "<group>"; };
		4F32A1792084A5FE0066AD40 /* ViewController.swift */ = {isa = PBXFileReference; lastKnownFileType = sourcecode.swift; path = ViewController.swift; sourceTree = "<group>"; };
		4F32A17C2084A5FE0066AD40 /* Base */ = {isa = PBXFileReference; lastKnownFileType = file.storyboard; name = Base; path = Base.lproj/Main.storyboard; sourceTree = "<group>"; };
		4F32A17E2084A6010066AD40 /* Assets.xcassets */ = {isa = PBXFileReference; lastKnownFileType = folder.assetcatalog; path = Assets.xcassets; sourceTree = "<group>"; };
		4F32A1812084A6010066AD40 /* Base */ = {isa = PBXFileReference; lastKnownFileType = file.storyboard; name = Base; path = Base.lproj/LaunchScreen.storyboard; sourceTree = "<group>"; };
		4F32A1832084A6010066AD40 /* Info.plist */ = {isa = PBXFileReference; lastKnownFileType = text.plist.xml; path = Info.plist; sourceTree = "<group>"; };
		4F32A1882084A6010066AD40 /* CYTimerDemoTests.xctest */ = {isa = PBXFileReference; explicitFileType = wrapper.cfbundle; includeInIndex = 0; path = CYTimerDemoTests.xctest; sourceTree = BUILT_PRODUCTS_DIR; };
		4F32A18C2084A6010066AD40 /* CYTimerDemoTests.swift */ = {isa = PBXFileReference; lastKnownFileType = sourcecode.swift; path = CYTimerDemoTests.swift; sourceTree = "<group>"; };
		4F32A18E2084A6010066AD40 /* Info.plist */ = {isa = PBXFileReference; lastKnownFileType = text.plist.xml; path = Info.plist; sourceTree = "<group>"; };
		4F32A1932084A6010066AD40 /* CYTimerDemoUITests.xctest */ = {isa = PBXFileReference; explicitFileType = wrapper.cfbundle; includeInIndex = 0; path = CYTimerDemoUITests.xctest; sourceTree = BUILT_PRODUCTS_DIR; };
		4F32A1972084A6010066AD40 /* CYTimerDemoUITests.swift */ = {isa = PBXFileReference; lastKnownFileType = sourcecode.swift; path = CYTimerDemoUITests.swift; sourceTree = "<group>"; };
		4F32A1992084A6010066AD40 /* Info.plist */ = {isa = PBXFileReference; lastKnownFileType = text.plist.xml; path = Info.plist; sourceTree = "<group>"; };
		4F32A1A52084A6540066AD40 /* CYTimer.swift */ = {isa = PBXFileReference; lastKnownFileType = sourcecode.swift; path = CYTimer.swift; sourceTree = "<group>"; };
/* End PBXFileReference section */

/* Begin PBXFrameworksBuildPhase section */
		4F32A1712084A5FE0066AD40 /* Frameworks */ = {
			isa = PBXFrameworksBuildPhase;
			buildActionMask = 2147483647;
			files = (
			);
			runOnlyForDeploymentPostprocessing = 0;
		};
		4F32A1852084A6010066AD40 /* Frameworks */ = {
			isa = PBXFrameworksBuildPhase;
			buildActionMask = 2147483647;
			files = (
			);
			runOnlyForDeploymentPostprocessing = 0;
		};
		4F32A1902084A6010066AD40 /* Frameworks */ = {
			isa = PBXFrameworksBuildPhase;
			buildActionMask = 2147483647;
			files = (
			);
			runOnlyForDeploymentPostprocessing = 0;
		};
/* End PBXFrameworksBuildPhase section */

/* Begin PBXGroup section */
		4F32A16B2084A5FE0066AD40 = {
			isa = PBXGroup;
			children = (
				4F32A1762084A5FE0066AD40 /* CYTimerDemo */,
				4F32A18B2084A6010066AD40 /* CYTimerDemoTests */,
				4F32A1962084A6010066AD40 /* CYTimerDemoUITests */,
				4F32A1752084A5FE0066AD40 /* Products */,
			);
			sourceTree = "<group>";
		};
		4F32A1752084A5FE0066AD40 /* Products */ = {
			isa = PBXGroup;
			children = (
				4F32A1742084A5FE0066AD40 /* CYTimerDemo.app */,
				4F32A1882084A6010066AD40 /* CYTimerDemoTests.xctest */,
				4F32A1932084A6010066AD40 /* CYTimerDemoUITests.xctest */,
			);
			name = Products;
			sourceTree = "<group>";
		};
		4F32A1762084A5FE0066AD40 /* CYTimerDemo */ = {
			isa = PBXGroup;
			children = (
				4F32A1A72084A65C0066AD40 /* CYTimer */,
				4F32A1772084A5FE0066AD40 /* AppDelegate.swift */,
				4F32A1792084A5FE0066AD40 /* ViewController.swift */,
				4F32A17B2084A5FE0066AD40 /* Main.storyboard */,
				4F32A17E2084A6010066AD40 /* Assets.xcassets */,
				4F32A1802084A6010066AD40 /* LaunchScreen.storyboard */,
				4F32A1832084A6010066AD40 /* Info.plist */,
			);
			path = CYTimerDemo;
			sourceTree = "<group>";
		};
		4F32A18B2084A6010066AD40 /* CYTimerDemoTests */ = {
			isa = PBXGroup;
			children = (
				4F32A18C2084A6010066AD40 /* CYTimerDemoTests.swift */,
				4F32A18E2084A6010066AD40 /* Info.plist */,
			);
			path = CYTimerDemoTests;
			sourceTree = "<group>";
		};
		4F32A1962084A6010066AD40 /* CYTimerDemoUITests */ = {
			isa = PBXGroup;
			children = (
				4F32A1972084A6010066AD40 /* CYTimerDemoUITests.swift */,
				4F32A1992084A6010066AD40 /* Info.plist */,
			);
			path = CYTimerDemoUITests;
			sourceTree = "<group>";
		};
		4F32A1A72084A65C0066AD40 /* CYTimer */ = {
			isa = PBXGroup;
			children = (
				4F32A1A52084A6540066AD40 /* CYTimer.swift */,
			);
			path = CYTimer;
			sourceTree = "<group>";
		};
/* End PBXGroup section */

/* Begin PBXNativeTarget section */
		4F32A1732084A5FE0066AD40 /* CYTimerDemo */ = {
			isa = PBXNativeTarget;
			buildConfigurationList = 4F32A19C2084A6010066AD40 /* Build configuration list for PBXNativeTarget "CYTimerDemo" */;
			buildPhases = (
				4F32A1702084A5FE0066AD40 /* Sources */,
				4F32A1712084A5FE0066AD40 /* Frameworks */,
				4F32A1722084A5FE0066AD40 /* Resources */,
			);
			buildRules = (
			);
			dependencies = (
			);
			name = CYTimerDemo;
			productName = CYTimerDemo;
			productReference = 4F32A1742084A5FE0066AD40 /* CYTimerDemo.app */;
			productType = "com.apple.product-type.application";
		};
		4F32A1872084A6010066AD40 /* CYTimerDemoTests */ = {
			isa = PBXNativeTarget;
			buildConfigurationList = 4F32A19F2084A6010066AD40 /* Build configuration list for PBXNativeTarget "CYTimerDemoTests" */;
			buildPhases = (
				4F32A1842084A6010066AD40 /* Sources */,
				4F32A1852084A6010066AD40 /* Frameworks */,
				4F32A1862084A6010066AD40 /* Resources */,
			);
			buildRules = (
			);
			dependencies = (
				4F32A18A2084A6010066AD40 /* PBXTargetDependency */,
			);
			name = CYTimerDemoTests;
			productName = CYTimerDemoTests;
			productReference = 4F32A1882084A6010066AD40 /* CYTimerDemoTests.xctest */;
			productType = "com.apple.product-type.bundle.unit-test";
		};
		4F32A1922084A6010066AD40 /* CYTimerDemoUITests */ = {
			isa = PBXNativeTarget;
			buildConfigurationList = 4F32A1A22084A6010066AD40 /* Build configuration list for PBXNativeTarget "CYTimerDemoUITests" */;
			buildPhases = (
				4F32A18F2084A6010066AD40 /* Sources */,
				4F32A1902084A6010066AD40 /* Frameworks */,
				4F32A1912084A6010066AD40 /* Resources */,
			);
			buildRules = (
			);
			dependencies = (
				4F32A1952084A6010066AD40 /* PBXTargetDependency */,
			);
			name = CYTimerDemoUITests;
			productName = CYTimerDemoUITests;
			productReference = 4F32A1932084A6010066AD40 /* CYTimerDemoUITests.xctest */;
			productType = "com.apple.product-type.bundle.ui-testing";
		};
/* End PBXNativeTarget section */

/* Begin PBXProject section */
		4F32A16C2084A5FE0066AD40 /* Project object */ = {
			isa = PBXProject;
			attributes = {
				LastSwiftUpdateCheck = 0930;
				LastUpgradeCheck = 0930;
				ORGANIZATIONNAME = CocoaYog;
				TargetAttributes = {
					4F32A1732084A5FE0066AD40 = {
						CreatedOnToolsVersion = 9.3;
					};
					4F32A1872084A6010066AD40 = {
						CreatedOnToolsVersion = 9.3;
						TestTargetID = 4F32A1732084A5FE0066AD40;
					};
					4F32A1922084A6010066AD40 = {
						CreatedOnToolsVersion = 9.3;
						TestTargetID = 4F32A1732084A5FE0066AD40;
					};
				};
			};
			buildConfigurationList = 4F32A16F2084A5FE0066AD40 /* Build configuration list for PBXProject "CYTimerDemo" */;
			compatibilityVersion = "Xcode 9.3";
			developmentRegion = en;
			hasScannedForEncodings = 0;
			knownRegions = (
				en,
				Base,
			);
			mainGroup = 4F32A16B2084A5FE0066AD40;
			productRefGroup = 4F32A1752084A5FE0066AD40 /* Products */;
			projectDirPath = "";
			projectRoot = "";
			targets = (
				4F32A1732084A5FE0066AD40 /* CYTimerDemo */,
				4F32A1872084A6010066AD40 /* CYTimerDemoTests */,
				4F32A1922084A6010066AD40 /* CYTimerDemoUITests */,
			);
		};
/* End PBXProject section */

/* Begin PBXResourcesBuildPhase section */
		4F32A1722084A5FE0066AD40 /* Resources */ = {
			isa = PBXResourcesBuildPhase;
			buildActionMask = 2147483647;
			files = (
				4F32A1822084A6010066AD40 /* LaunchScreen.storyboard in Resources */,
				4F32A17F2084A6010066AD40 /* Assets.xcassets in Resources */,
				4F32A17D2084A5FE0066AD40 /* Main.storyboard in Resources */,
			);
			runOnlyForDeploymentPostprocessing = 0;
		};
		4F32A1862084A6010066AD40 /* Resources */ = {
			isa = PBXResourcesBuildPhase;
			buildActionMask = 2147483647;
			files = (
			);
			runOnlyForDeploymentPostprocessing = 0;
		};
		4F32A1912084A6010066AD40 /* Resources */ = {
			isa = PBXResourcesBuildPhase;
			buildActionMask = 2147483647;
			files = (
			);
			runOnlyForDeploymentPostprocessing = 0;
		};
/* End PBXResourcesBuildPhase section */

/* Begin PBXSourcesBuildPhase section */
		4F32A1702084A5FE0066AD40 /* Sources */ = {
			isa = PBXSourcesBuildPhase;
			buildActionMask = 2147483647;
			files = (
				4F32A17A2084A5FE0066AD40 /* ViewController.swift in Sources */,
				4F32A1A62084A6540066AD40 /* CYTimer.swift in Sources */,
				4F32A1782084A5FE0066AD40 /* AppDelegate.swift in Sources */,
			);
			runOnlyForDeploymentPostprocessing = 0;
		};
		4F32A1842084A6010066AD40 /* Sources */ = {
			isa = PBXSourcesBuildPhase;
			buildActionMask = 2147483647;
			files = (
				4F32A18D2084A6010066AD40 /* CYTimerDemoTests.swift in Sources */,
			);
			runOnlyForDeploymentPostprocessing = 0;
		};
		4F32A18F2084A6010066AD40 /* Sources */ = {
			isa = PBXSourcesBuildPhase;
			buildActionMask = 2147483647;
			files = (
				4F32A1982084A6010066AD40 /* CYTimerDemoUITests.swift in Sources */,
			);
			runOnlyForDeploymentPostprocessing = 0;
		};
/* End PBXSourcesBuildPhase section */

/* Begin PBXTargetDependency section */
		4F32A18A2084A6010066AD40 /* PBXTargetDependency */ = {
			isa = PBXTargetDependency;
			target = 4F32A1732084A5FE0066AD40 /* CYTimerDemo */;
			targetProxy = 4F32A1892084A6010066AD40 /* PBXContainerItemProxy */;
		};
		4F32A1952084A6010066AD40 /* PBXTargetDependency */ = {
			isa = PBXTargetDependency;
			target = 4F32A1732084A5FE0066AD40 /* CYTimerDemo */;
			targetProxy = 4F32A1942084A6010066AD40 /* PBXContainerItemProxy */;
		};
/* End PBXTargetDependency section */

/* Begin PBXVariantGroup section */
		4F32A17B2084A5FE0066AD40 /* Main.storyboard */ = {
			isa = PBXVariantGroup;
			children = (
				4F32A17C2084A5FE0066AD40 /* Base */,
			);
			name = Main.storyboard;
			sourceTree = "<group>";
		};
		4F32A1802084A6010066AD40 /* LaunchScreen.storyboard */ = {
			isa = PBXVariantGroup;
			children = (
				4F32A1812084A6010066AD40 /* Base */,
			);
			name = LaunchScreen.storyboard;
			sourceTree = "<group>";
		};
/* End PBXVariantGroup section */

/* Begin XCBuildConfiguration section */
		4F32A19A2084A6010066AD40 /* Debug */ = {
			isa = XCBuildConfiguration;
			buildSettings = {
				ALWAYS_SEARCH_USER_PATHS = NO;
				CLANG_ANALYZER_NONNULL = YES;
				CLANG_ANALYZER_NUMBER_OBJECT_CONVERSION = YES_AGGRESSIVE;
				CLANG_CXX_LANGUAGE_STANDARD = "gnu++14";
				CLANG_CXX_LIBRARY = "libc++";
				CLANG_ENABLE_MODULES = YES;
				CLANG_ENABLE_OBJC_ARC = YES;
				CLANG_ENABLE_OBJC_WEAK = YES;
				CLANG_WARN_BLOCK_CAPTURE_AUTORELEASING = YES;
				CLANG_WARN_BOOL_CONVERSION = YES;
				CLANG_WARN_COMMA = YES;
				CLANG_WARN_CONSTANT_CONVERSION = YES;
				CLANG_WARN_DEPRECATED_OBJC_IMPLEMENTATIONS = YES;
				CLANG_WARN_DIRECT_OBJC_ISA_USAGE = YES_ERROR;
				CLANG_WARN_DOCUMENTATION_COMMENTS = YES;
				CLANG_WARN_EMPTY_BODY = YES;
				CLANG_WARN_ENUM_CONVERSION = YES;
				CLANG_WARN_INFINITE_RECURSION = YES;
				CLANG_WARN_INT_CONVERSION = YES;
				CLANG_WARN_NON_LITERAL_NULL_CONVERSION = YES;
				CLANG_WARN_OBJC_IMPLICIT_RETAIN_SELF = YES;
				CLANG_WARN_OBJC_LITERAL_CONVERSION = YES;
				CLANG_WARN_OBJC_ROOT_CLASS = YES_ERROR;
				CLANG_WARN_RANGE_LOOP_ANALYSIS = YES;
				CLANG_WARN_STRICT_PROTOTYPES = YES;
				CLANG_WARN_SUSPICIOUS_MOVE = YES;
				CLANG_WARN_UNGUARDED_AVAILABILITY = YES_AGGRESSIVE;
				CLANG_WARN_UNREACHABLE_CODE = YES;
				CLANG_WARN__DUPLICATE_METHOD_MATCH = YES;
				CODE_SIGN_IDENTITY = "iPhone Developer";
				COPY_PHASE_STRIP = NO;
				DEBUG_INFORMATION_FORMAT = dwarf;
				ENABLE_STRICT_OBJC_MSGSEND = YES;
				ENABLE_TESTABILITY = YES;
				GCC_C_LANGUAGE_STANDARD = gnu11;
				GCC_DYNAMIC_NO_PIC = NO;
				GCC_NO_COMMON_BLOCKS = YES;
				GCC_OPTIMIZATION_LEVEL = 0;
				GCC_PREPROCESSOR_DEFINITIONS = (
					"DEBUG=1",
					"$(inherited)",
				);
				GCC_WARN_64_TO_32_BIT_CONVERSION = YES;
				GCC_WARN_ABOUT_RETURN_TYPE = YES_ERROR;
				GCC_WARN_UNDECLARED_SELECTOR = YES;
				GCC_WARN_UNINITIALIZED_AUTOS = YES_AGGRESSIVE;
				GCC_WARN_UNUSED_FUNCTION = YES;
				GCC_WARN_UNUSED_VARIABLE = YES;
				IPHONEOS_DEPLOYMENT_TARGET = 11.3;
				MTL_ENABLE_DEBUG_INFO = YES;
				ONLY_ACTIVE_ARCH = YES;
				SDKROOT = iphoneos;
				SWIFT_ACTIVE_COMPILATION_CONDITIONS = DEBUG;
				SWIFT_OPTIMIZATION_LEVEL = "-Onone";
			};
			name = Debug;
		};
		4F32A19B2084A6010066AD40 /* Release */ = {
			isa = XCBuildConfiguration;
			buildSettings = {
				ALWAYS_SEARCH_USER_PATHS = NO;
				CLANG_ANALYZER_NONNULL = YES;
				CLANG_ANALYZER_NUMBER_OBJECT_CONVERSION = YES_AGGRESSIVE;
				CLANG_CXX_LANGUAGE_STANDARD = "gnu++14";
				CLANG_CXX_LIBRARY = "libc++";
				CLANG_ENABLE_MODULES = YES;
				CLANG_ENABLE_OBJC_ARC = YES;
				CLANG_ENABLE_OBJC_WEAK = YES;
				CLANG_WARN_BLOCK_CAPTURE_AUTORELEASING = YES;
				CLANG_WARN_BOOL_CONVERSION = YES;
				CLANG_WARN_COMMA = YES;
				CLANG_WARN_CONSTANT_CONVERSION = YES;
				CLANG_WARN_DEPRECATED_OBJC_IMPLEMENTATIONS = YES;
				CLANG_WARN_DIRECT_OBJC_ISA_USAGE = YES_ERROR;
				CLANG_WARN_DOCUMENTATION_COMMENTS = YES;
				CLANG_WARN_EMPTY_BODY = YES;
				CLANG_WARN_ENUM_CONVERSION = YES;
				CLANG_WARN_INFINITE_RECURSION = YES;
				CLANG_WARN_INT_CONVERSION = YES;
				CLANG_WARN_NON_LITERAL_NULL_CONVERSION = YES;
				CLANG_WARN_OBJC_IMPLICIT_RETAIN_SELF = YES;
				CLANG_WARN_OBJC_LITERAL_CONVERSION = YES;
				CLANG_WARN_OBJC_ROOT_CLASS = YES_ERROR;
				CLANG_WARN_RANGE_LOOP_ANALYSIS = YES;
				CLANG_WARN_STRICT_PROTOTYPES = YES;
				CLANG_WARN_SUSPICIOUS_MOVE = YES;
				CLANG_WARN_UNGUARDED_AVAILABILITY = YES_AGGRESSIVE;
				CLANG_WARN_UNREACHABLE_CODE = YES;
				CLANG_WARN__DUPLICATE_METHOD_MATCH = YES;
				CODE_SIGN_IDENTITY = "iPhone Developer";
				COPY_PHASE_STRIP = NO;
				DEBUG_INFORMATION_FORMAT = "dwarf-with-dsym";
				ENABLE_NS_ASSERTIONS = NO;
				ENABLE_STRICT_OBJC_MSGSEND = YES;
				GCC_C_LANGUAGE_STANDARD = gnu11;
				GCC_NO_COMMON_BLOCKS = YES;
				GCC_WARN_64_TO_32_BIT_CONVERSION = YES;
				GCC_WARN_ABOUT_RETURN_TYPE = YES_ERROR;
				GCC_WARN_UNDECLARED_SELECTOR = YES;
				GCC_WARN_UNINITIALIZED_AUTOS = YES_AGGRESSIVE;
				GCC_WARN_UNUSED_FUNCTION = YES;
				GCC_WARN_UNUSED_VARIABLE = YES;
				IPHONEOS_DEPLOYMENT_TARGET = 11.3;
				MTL_ENABLE_DEBUG_INFO = NO;
				SDKROOT = iphoneos;
				SWIFT_COMPILATION_MODE = wholemodule;
				SWIFT_OPTIMIZATION_LEVEL = "-O";
				VALIDATE_PRODUCT = YES;
			};
			name = Release;
		};
		4F32A19D2084A6010066AD40 /* Debug */ = {
			isa = XCBuildConfiguration;
			buildSettings = {
				ASSETCATALOG_COMPILER_APPICON_NAME = AppIcon;
				CODE_SIGN_STYLE = Automatic;
				DEVELOPMENT_TEAM = RSFQVD66TP;
				INFOPLIST_FILE = CYTimerDemo/Info.plist;
				LD_RUNPATH_SEARCH_PATHS = (
					"$(inherited)",
					"@executable_path/Frameworks",
				);
				PRODUCT_BUNDLE_IDENTIFIER = com.cocoayog.app.CYTimerDemo;
				PRODUCT_NAME = "$(TARGET_NAME)";
				SWIFT_VERSION = 4.0;
				TARGETED_DEVICE_FAMILY = "1,2";
			};
			name = Debug;
		};
		4F32A19E2084A6010066AD40 /* Release */ = {
			isa = XCBuildConfiguration;
			buildSettings = {
				ASSETCATALOG_COMPILER_APPICON_NAME = AppIcon;
				CODE_SIGN_STYLE = Automatic;
				DEVELOPMENT_TEAM = RSFQVD66TP;
				INFOPLIST_FILE = CYTimerDemo/Info.plist;
				LD_RUNPATH_SEARCH_PATHS = (
					"$(inherited)",
					"@executable_path/Frameworks",
				);
				PRODUCT_BUNDLE_IDENTIFIER = com.cocoayog.app.CYTimerDemo;
				PRODUCT_NAME = "$(TARGET_NAME)";
				SWIFT_VERSION = 4.0;
				TARGETED_DEVICE_FAMILY = "1,2";
			};
			name = Release;
		};
		4F32A1A02084A6010066AD40 /* Debug */ = {
			isa = XCBuildConfiguration;
			buildSettings = {
				ALWAYS_EMBED_SWIFT_STANDARD_LIBRARIES = YES;
				BUNDLE_LOADER = "$(TEST_HOST)";
				CODE_SIGN_STYLE = Automatic;
				INFOPLIST_FILE = CYTimerDemoTests/Info.plist;
				LD_RUNPATH_SEARCH_PATHS = (
					"$(inherited)",
					"@executable_path/Frameworks",
					"@loader_path/Frameworks",
				);
				PRODUCT_BUNDLE_IDENTIFIER = com.cocoayog.app.CYTimerDemoTests;
				PRODUCT_NAME = "$(TARGET_NAME)";
				SWIFT_VERSION = 4.0;
				TARGETED_DEVICE_FAMILY = "1,2";
				TEST_HOST = "$(BUILT_PRODUCTS_DIR)/CYTimerDemo.app/CYTimerDemo";
			};
			name = Debug;
		};
		4F32A1A12084A6010066AD40 /* Release */ = {
			isa = XCBuildConfiguration;
			buildSettings = {
				ALWAYS_EMBED_SWIFT_STANDARD_LIBRARIES = YES;
				BUNDLE_LOADER = "$(TEST_HOST)";
				CODE_SIGN_STYLE = Automatic;
				INFOPLIST_FILE = CYTimerDemoTests/Info.plist;
				LD_RUNPATH_SEARCH_PATHS = (
					"$(inherited)",
					"@executable_path/Frameworks",
					"@loader_path/Frameworks",
				);
				PRODUCT_BUNDLE_IDENTIFIER = com.cocoayog.app.CYTimerDemoTests;
				PRODUCT_NAME = "$(TARGET_NAME)";
				SWIFT_VERSION = 4.0;
				TARGETED_DEVICE_FAMILY = "1,2";
				TEST_HOST = "$(BUILT_PRODUCTS_DIR)/CYTimerDemo.app/CYTimerDemo";
			};
			name = Release;
		};
		4F32A1A32084A6010066AD40 /* Debug */ = {
			isa = XCBuildConfiguration;
			buildSettings = {
				ALWAYS_EMBED_SWIFT_STANDARD_LIBRARIES = YES;
				CODE_SIGN_STYLE = Automatic;
				INFOPLIST_FILE = CYTimerDemoUITests/Info.plist;
				LD_RUNPATH_SEARCH_PATHS = (
					"$(inherited)",
					"@executable_path/Frameworks",
					"@loader_path/Frameworks",
				);
				PRODUCT_BUNDLE_IDENTIFIER = com.cocoayog.app.CYTimerDemoUITests;
				PRODUCT_NAME = "$(TARGET_NAME)";
				SWIFT_VERSION = 4.0;
				TARGETED_DEVICE_FAMILY = "1,2";
				TEST_TARGET_NAME = CYTimerDemo;
			};
			name = Debug;
		};
		4F32A1A42084A6010066AD40 /* Release */ = {
			isa = XCBuildConfiguration;
			buildSettings = {
				ALWAYS_EMBED_SWIFT_STANDARD_LIBRARIES = YES;
				CODE_SIGN_STYLE = Automatic;
				INFOPLIST_FILE = CYTimerDemoUITests/Info.plist;
				LD_RUNPATH_SEARCH_PATHS = (
					"$(inherited)",
					"@executable_path/Frameworks",
					"@loader_path/Frameworks",
				);
				PRODUCT_BUNDLE_IDENTIFIER = com.cocoayog.app.CYTimerDemoUITests;
				PRODUCT_NAME = "$(TARGET_NAME)";
				SWIFT_VERSION = 4.0;
				TARGETED_DEVICE_FAMILY = "1,2";
				TEST_TARGET_NAME = CYTimerDemo;
			};
			name = Release;
		};
/* End XCBuildConfiguration section */

/* Begin XCConfigurationList section */
		4F32A16F2084A5FE0066AD40 /* Build configuration list for PBXProject "CYTimerDemo" */ = {
			isa = XCConfigurationList;
			buildConfigurations = (
				4F32A19A2084A6010066AD40 /* Debug */,
				4F32A19B2084A6010066AD40 /* Release */,
			);
			defaultConfigurationIsVisible = 0;
			defaultConfigurationName = Release;
		};
		4F32A19C2084A6010066AD40 /* Build configuration list for PBXNativeTarget "CYTimerDemo" */ = {
			isa = XCConfigurationList;
			buildConfigurations = (
				4F32A19D2084A6010066AD40 /* Debug */,
				4F32A19E2084A6010066AD40 /* Release */,
			);
			defaultConfigurationIsVisible = 0;
			defaultConfigurationName = Release;
		};
		4F32A19F2084A6010066AD40 /* Build configuration list for PBXNativeTarget "CYTimerDemoTests" */ = {
			isa = XCConfigurationList;
			buildConfigurations = (
				4F32A1A02084A6010066AD40 /* Debug */,
				4F32A1A12084A6010066AD40 /* Release */,
			);
			defaultConfigurationIsVisible = 0;
			defaultConfigurationName = Release;
		};
		4F32A1A22084A6010066AD40 /* Build configuration list for PBXNativeTarget "CYTimerDemoUITests" */ = {
			isa = XCConfigurationList;
			buildConfigurations = (
				4F32A1A32084A6010066AD40 /* Debug */,
				4F32A1A42084A6010066AD40 /* Release */,
			);
			defaultConfigurationIsVisible = 0;
			defaultConfigurationName = Release;
		};
/* End XCConfigurationList section */
	};
	rootObject = 4F32A16C2084A5FE0066AD40 /* Project object */;
}
